
Microsoft Visual Studio Solution File, Format Version 12.00
# Visual Studio 2012
Project("{FAE04EC0-301F-11D3-BF4B-00C04F79EFBC}") = "Borderlands2D", "Borderlands2D.csproj", "{EF34B403-CD4A-4413-832A-16E2593393F6}"
EndProject
Project("{FAE04EC0-301F-11D3-BF4B-00C04F79EFBC}") = "MonoGame.Framework.Windows", "MonoGame\MonoGame.Framework\MonoGame.Framework.Windows.csproj", "{7DE47032-A904-4C29-BD22-2D235E8D91BA}"
EndProject
Project("{FAE04EC0-301F-11D3-BF4B-00C04F79EFBC}") = "Lidgren.Network.Windows", "MonoGame\ThirdParty\Lidgren.Network\Lidgren.Network.Windows.csproj", "{AE483C29-042E-4226-BA52-D247CE7676DA}"
EndProject
Project("{FAE04EC0-301F-11D3-BF4B-00C04F79EFBC}") = "MonoGame.Framework.Content.Pipeline.Windows", "MonoGame\MonoGame.Framework.Content.Pipeline\MonoGame.Framework.Content.Pipeline.Windows.csproj", "{B950DE10-AC5D-4BD9-B817-51247C4A732D}"
EndProject
Global
	GlobalSection(SolutionConfigurationPlatforms) = preSolution
		Android|Any CPU = Android|Any CPU
		Android|Mixed Platforms = Android|Mixed Platforms
		Android|x86 = Android|x86
		Debug|Any CPU = Debug|Any CPU
		Debug|Mixed Platforms = Debug|Mixed Platforms
		Debug|x86 = Debug|x86
		iOS|Any CPU = iOS|Any CPU
		iOS|Mixed Platforms = iOS|Mixed Platforms
		iOS|x86 = iOS|x86
		Linux|Any CPU = Linux|Any CPU
		Linux|Mixed Platforms = Linux|Mixed Platforms
		Linux|x86 = Linux|x86
		Mac|Any CPU = Mac|Any CPU
		Mac|Mixed Platforms = Mac|Mixed Platforms
		Mac|x86 = Mac|x86
		Release|Any CPU = Release|Any CPU
		Release|Mixed Platforms = Release|Mixed Platforms
		Release|x86 = Release|x86
		Windows|Any CPU = Windows|Any CPU
		Windows|Mixed Platforms = Windows|Mixed Platforms
		Windows|x86 = Windows|x86
		Windows8|Any CPU = Windows8|Any CPU
		Windows8|Mixed Platforms = Windows8|Mixed Platforms
		Windows8|x86 = Windows8|x86
	EndGlobalSection
	GlobalSection(ProjectConfigurationPlatforms) = postSolution
		{EF34B403-CD4A-4413-832A-16E2593393F6}.Android|Any CPU.ActiveCfg = Release|x86
		{EF34B403-CD4A-4413-832A-16E2593393F6}.Android|Mixed Platforms.ActiveCfg = Release|x86
		{EF34B403-CD4A-4413-832A-16E2593393F6}.Android|Mixed Platforms.Build.0 = Release|x86
		{EF34B403-CD4A-4413-832A-16E2593393F6}.Android|x86.ActiveCfg = Release|x86
		{EF34B403-CD4A-4413-832A-16E2593393F6}.Android|x86.Build.0 = Release|x86
		{EF34B403-CD4A-4413-832A-16E2593393F6}.Debug|Any CPU.ActiveCfg = Debug|x86
		{EF34B403-CD4A-4413-832A-16E2593393F6}.Debug|Mixed Platforms.ActiveCfg = Debug|x86
		{EF34B403-CD4A-4413-832A-16E2593393F6}.Debug|Mixed Platforms.Build.0 = Debug|x86
		{EF34B403-CD4A-4413-832A-16E2593393F6}.Debug|x86.ActiveCfg = Debug|x86
		{EF34B403-CD4A-4413-832A-16E2593393F6}.Debug|x86.Build.0 = Debug|x86
		{EF34B403-CD4A-4413-832A-16E2593393F6}.iOS|Any CPU.ActiveCfg = Release|x86
		{EF34B403-CD4A-4413-832A-16E2593393F6}.iOS|Mixed Platforms.ActiveCfg = Release|x86
		{EF34B403-CD4A-4413-832A-16E2593393F6}.iOS|Mixed Platforms.Build.0 = Release|x86
		{EF34B403-CD4A-4413-832A-16E2593393F6}.iOS|x86.ActiveCfg = Release|x86
		{EF34B403-CD4A-4413-832A-16E2593393F6}.iOS|x86.Build.0 = Release|x86
		{EF34B403-CD4A-4413-832A-16E2593393F6}.Linux|Any CPU.ActiveCfg = Release|x86
		{EF34B403-CD4A-4413-832A-16E2593393F6}.Linux|Mixed Platforms.ActiveCfg = Release|x86
		{EF34B403-CD4A-4413-832A-16E2593393F6}.Linux|Mixed Platforms.Build.0 = Release|x86
		{EF34B403-CD4A-4413-832A-16E2593393F6}.Linux|x86.ActiveCfg = Release|x86
		{EF34B403-CD4A-4413-832A-16E2593393F6}.Linux|x86.Build.0 = Release|x86
		{EF34B403-CD4A-4413-832A-16E2593393F6}.Mac|Any CPU.ActiveCfg = Release|x86
		{EF34B403-CD4A-4413-832A-16E2593393F6}.Mac|Mixed Platforms.ActiveCfg = Release|x86
		{EF34B403-CD4A-4413-832A-16E2593393F6}.Mac|Mixed Platforms.Build.0 = Release|x86
		{EF34B403-CD4A-4413-832A-16E2593393F6}.Mac|x86.ActiveCfg = Release|x86
		{EF34B403-CD4A-4413-832A-16E2593393F6}.Mac|x86.Build.0 = Release|x86
		{EF34B403-CD4A-4413-832A-16E2593393F6}.Release|Any CPU.ActiveCfg = Release|x86
		{EF34B403-CD4A-4413-832A-16E2593393F6}.Release|Mixed Platforms.ActiveCfg = Release|x86
		{EF34B403-CD4A-4413-832A-16E2593393F6}.Release|Mixed Platforms.Build.0 = Release|x86
		{EF34B403-CD4A-4413-832A-16E2593393F6}.Release|x86.ActiveCfg = Release|x86
		{EF34B403-CD4A-4413-832A-16E2593393F6}.Release|x86.Build.0 = Release|x86
		{EF34B403-CD4A-4413-832A-16E2593393F6}.Windows|Any CPU.ActiveCfg = Release|x86
		{EF34B403-CD4A-4413-832A-16E2593393F6}.Windows|Mixed Platforms.ActiveCfg = Release|x86
		{EF34B403-CD4A-4413-832A-16E2593393F6}.Windows|Mixed Platforms.Build.0 = Release|x86
		{EF34B403-CD4A-4413-832A-16E2593393F6}.Windows|x86.ActiveCfg = Release|x86
		{EF34B403-CD4A-4413-832A-16E2593393F6}.Windows|x86.Build.0 = Release|x86
		{EF34B403-CD4A-4413-832A-16E2593393F6}.Windows8|Any CPU.ActiveCfg = Release|x86
		{EF34B403-CD4A-4413-832A-16E2593393F6}.Windows8|Mixed Platforms.ActiveCfg = Release|x86
		{EF34B403-CD4A-4413-832A-16E2593393F6}.Windows8|Mixed Platforms.Build.0 = Release|x86
		{EF34B403-CD4A-4413-832A-16E2593393F6}.Windows8|x86.ActiveCfg = Release|x86
		{EF34B403-CD4A-4413-832A-16E2593393F6}.Windows8|x86.Build.0 = Release|x86
		{7DE47032-A904-4C29-BD22-2D235E8D91BA}.Android|Any CPU.ActiveCfg = Release|Any CPU
		{7DE47032-A904-4C29-BD22-2D235E8D91BA}.Android|Any CPU.Build.0 = Release|Any CPU
		{7DE47032-A904-4C29-BD22-2D235E8D91BA}.Android|Mixed Platforms.ActiveCfg = Release|x86
		{7DE47032-A904-4C29-BD22-2D235E8D91BA}.Android|Mixed Platforms.Build.0 = Release|x86
		{7DE47032-A904-4C29-BD22-2D235E8D91BA}.Android|x86.ActiveCfg = Release|x86
		{7DE47032-A904-4C29-BD22-2D235E8D91BA}.Android|x86.Build.0 = Release|x86
		{7DE47032-A904-4C29-BD22-2D235E8D91BA}.Debug|Any CPU.ActiveCfg = Debug|Any CPU
		{7DE47032-A904-4C29-BD22-2D235E8D91BA}.Debug|Any CPU.Build.0 = Debug|Any CPU
		{7DE47032-A904-4C29-BD22-2D235E8D91BA}.Debug|Mixed Platforms.ActiveCfg = Debug|Any CPU
		{7DE47032-A904-4C29-BD22-2D235E8D91BA}.Debug|Mixed Platforms.Build.0 = Debug|Any CPU
		{7DE47032-A904-4C29-BD22-2D235E8D91BA}.Debug|x86.ActiveCfg = Debug|x86
		{7DE47032-A904-4C29-BD22-2D235E8D91BA}.Debug|x86.Build.0 = Debug|x86
		{7DE47032-A904-4C29-BD22-2D235E8D91BA}.iOS|Any CPU.ActiveCfg = Release|Any CPU
		{7DE47032-A904-4C29-BD22-2D235E8D91BA}.iOS|Any CPU.Build.0 = Release|Any CPU
		{7DE47032-A904-4C29-BD22-2D235E8D91BA}.iOS|Mixed Platforms.ActiveCfg = Release|x86
		{7DE47032-A904-4C29-BD22-2D235E8D91BA}.iOS|Mixed Platforms.Build.0 = Release|x86
		{7DE47032-A904-4C29-BD22-2D235E8D91BA}.iOS|x86.ActiveCfg = Release|x86
		{7DE47032-A904-4C29-BD22-2D235E8D91BA}.iOS|x86.Build.0 = Release|x86
		{7DE47032-A904-4C29-BD22-2D235E8D91BA}.Linux|Any CPU.ActiveCfg = Release|Any CPU
		{7DE47032-A904-4C29-BD22-2D235E8D91BA}.Linux|Any CPU.Build.0 = Release|Any CPU
		{7DE47032-A904-4C29-BD22-2D235E8D91BA}.Linux|Mixed Platforms.ActiveCfg = Release|x86
		{7DE47032-A904-4C29-BD22-2D235E8D91BA}.Linux|Mixed Platforms.Build.0 = Release|x86
		{7DE47032-A904-4C29-BD22-2D235E8D91BA}.Linux|x86.ActiveCfg = Release|x86
		{7DE47032-A904-4C29-BD22-2D235E8D91BA}.Linux|x86.Build.0 = Release|x86
		{7DE47032-A904-4C29-BD22-2D235E8D91BA}.Mac|Any CPU.ActiveCfg = Release|Any CPU
		{7DE47032-A904-4C29-BD22-2D235E8D91BA}.Mac|Any CPU.Build.0 = Release|Any CPU
		{7DE47032-A904-4C29-BD22-2D235E8D91BA}.Mac|Mixed Platforms.ActiveCfg = Release|x86
		{7DE47032-A904-4C29-BD22-2D235E8D91BA}.Mac|Mixed Platforms.Build.0 = Release|x86
		{7DE47032-A904-4C29-BD22-2D235E8D91BA}.Mac|x86.ActiveCfg = Release|x86
		{7DE47032-A904-4C29-BD22-2D235E8D91BA}.Mac|x86.Build.0 = Release|x86
		{7DE47032-A904-4C29-BD22-2D235E8D91BA}.Release|Any CPU.ActiveCfg = Release|Any CPU
		{7DE47032-A904-4C29-BD22-2D235E8D91BA}.Release|Any CPU.Build.0 = Release|Any CPU
		{7DE47032-A904-4C29-BD22-2D235E8D91BA}.Release|Mixed Platforms.ActiveCfg = Release|Any CPU
		{7DE47032-A904-4C29-BD22-2D235E8D91BA}.Release|Mixed Platforms.Build.0 = Release|Any CPU
		{7DE47032-A904-4C29-BD22-2D235E8D91BA}.Release|x86.ActiveCfg = Release|x86
		{7DE47032-A904-4C29-BD22-2D235E8D91BA}.Release|x86.Build.0 = Release|x86
		{7DE47032-A904-4C29-BD22-2D235E8D91BA}.Windows|Any CPU.ActiveCfg = Release|Any CPU
		{7DE47032-A904-4C29-BD22-2D235E8D91BA}.Windows|Any CPU.Build.0 = Release|Any CPU
		{7DE47032-A904-4C29-BD22-2D235E8D91BA}.Windows|Mixed Platforms.ActiveCfg = Release|x86
		{7DE47032-A904-4C29-BD22-2D235E8D91BA}.Windows|Mixed Platforms.Build.0 = Release|x86
		{7DE47032-A904-4C29-BD22-2D235E8D91BA}.Windows|x86.ActiveCfg = Release|x86
		{7DE47032-A904-4C29-BD22-2D235E8D91BA}.Windows|x86.Build.0 = Release|x86
		{7DE47032-A904-4C29-BD22-2D235E8D91BA}.Windows8|Any CPU.ActiveCfg = Release|Any CPU
		{7DE47032-A904-4C29-BD22-2D235E8D91BA}.Windows8|Any CPU.Build.0 = Release|Any CPU
		{7DE47032-A904-4C29-BD22-2D235E8D91BA}.Windows8|Mixed Platforms.ActiveCfg = Release|x86
		{7DE47032-A904-4C29-BD22-2D235E8D91BA}.Windows8|Mixed Platforms.Build.0 = Release|x86
		{7DE47032-A904-4C29-BD22-2D235E8D91BA}.Windows8|x86.ActiveCfg = Release|x86
		{7DE47032-A904-4C29-BD22-2D235E8D91BA}.Windows8|x86.Build.0 = Release|x86
		{AE483C29-042E-4226-BA52-D247CE7676DA}.Android|Any CPU.ActiveCfg = Release|Any CPU
		{AE483C29-042E-4226-BA52-D247CE7676DA}.Android|Any CPU.Build.0 = Release|Any CPU
		{AE483C29-042E-4226-BA52-D247CE7676DA}.Android|Mixed Platforms.ActiveCfg = Release|Any CPU
		{AE483C29-042E-4226-BA52-D247CE7676DA}.Android|Mixed Platforms.Build.0 = Release|Any CPU
		{AE483C29-042E-4226-BA52-D247CE7676DA}.Android|x86.ActiveCfg = Release|Any CPU
		{AE483C29-042E-4226-BA52-D247CE7676DA}.Debug|Any CPU.ActiveCfg = Debug|Any CPU
		{AE483C29-042E-4226-BA52-D247CE7676DA}.Debug|Any CPU.Build.0 = Debug|Any CPU
		{AE483C29-042E-4226-BA52-D247CE7676DA}.Debug|Mixed Platforms.ActiveCfg = Debug|Any CPU
		{AE483C29-042E-4226-BA52-D247CE7676DA}.Debug|Mixed Platforms.Build.0 = Debug|Any CPU
		{AE483C29-042E-4226-BA52-D247CE7676DA}.Debug|x86.ActiveCfg = Debug|Any CPU
		{AE483C29-042E-4226-BA52-D247CE7676DA}.Debug|x86.Build.0 = Debug|Any CPU
		{AE483C29-042E-4226-BA52-D247CE7676DA}.iOS|Any CPU.ActiveCfg = Release|Any CPU
		{AE483C29-042E-4226-BA52-D247CE7676DA}.iOS|Any CPU.Build.0 = Release|Any CPU
		{AE483C29-042E-4226-BA52-D247CE7676DA}.iOS|Mixed Platforms.ActiveCfg = Release|Any CPU
		{AE483C29-042E-4226-BA52-D247CE7676DA}.iOS|Mixed Platforms.Build.0 = Release|Any CPU
		{AE483C29-042E-4226-BA52-D247CE7676DA}.iOS|x86.ActiveCfg = Release|Any CPU
		{AE483C29-042E-4226-BA52-D247CE7676DA}.Linux|Any CPU.ActiveCfg = Release|Any CPU
		{AE483C29-042E-4226-BA52-D247CE7676DA}.Linux|Any CPU.Build.0 = Release|Any CPU
		{AE483C29-042E-4226-BA52-D247CE7676DA}.Linux|Mixed Platforms.ActiveCfg = Release|Any CPU
		{AE483C29-042E-4226-BA52-D247CE7676DA}.Linux|Mixed Platforms.Build.0 = Release|Any CPU
		{AE483C29-042E-4226-BA52-D247CE7676DA}.Linux|x86.ActiveCfg = Release|Any CPU
		{AE483C29-042E-4226-BA52-D247CE7676DA}.Mac|Any CPU.ActiveCfg = Release|Any CPU
		{AE483C29-042E-4226-BA52-D247CE7676DA}.Mac|Any CPU.Build.0 = Release|Any CPU
		{AE483C29-042E-4226-BA52-D247CE7676DA}.Mac|Mixed Platforms.ActiveCfg = Release|Any CPU
		{AE483C29-042E-4226-BA52-D247CE7676DA}.Mac|Mixed Platforms.Build.0 = Release|Any CPU
		{AE483C29-042E-4226-BA52-D247CE7676DA}.Mac|x86.ActiveCfg = Release|Any CPU
		{AE483C29-042E-4226-BA52-D247CE7676DA}.Release|Any CPU.ActiveCfg = Release|Any CPU
		{AE483C29-042E-4226-BA52-D247CE7676DA}.Release|Any CPU.Build.0 = Release|Any CPU
		{AE483C29-042E-4226-BA52-D247CE7676DA}.Release|Mixed Platforms.ActiveCfg = Release|Any CPU
		{AE483C29-042E-4226-BA52-D247CE7676DA}.Release|Mixed Platforms.Build.0 = Release|Any CPU
		{AE483C29-042E-4226-BA52-D247CE7676DA}.Release|x86.ActiveCfg = Release|Any CPU
		{AE483C29-042E-4226-BA52-D247CE7676DA}.Release|x86.Build.0 = Release|Any CPU
		{AE483C29-042E-4226-BA52-D247CE7676DA}.Windows|Any CPU.ActiveCfg = Release|Any CPU
		{AE483C29-042E-4226-BA52-D247CE7676DA}.Windows|Any CPU.Build.0 = Release|Any CPU
		{AE483C29-042E-4226-BA52-D247CE7676DA}.Windows|Mixed Platforms.ActiveCfg = Release|Any CPU
		{AE483C29-042E-4226-BA52-D247CE7676DA}.Windows|Mixed Platforms.Build.0 = Release|Any CPU
		{AE483C29-042E-4226-BA52-D247CE7676DA}.Windows|x86.ActiveCfg = Release|Any CPU
		{AE483C29-042E-4226-BA52-D247CE7676DA}.Windows8|Any CPU.ActiveCfg = Release|Any CPU
		{AE483C29-042E-4226-BA52-D247CE7676DA}.Windows8|Any CPU.Build.0 = Release|Any CPU
		{AE483C29-042E-4226-BA52-D247CE7676DA}.Windows8|Mixed Platforms.ActiveCfg = Release|Any CPU
		{AE483C29-042E-4226-BA52-D247CE7676DA}.Windows8|Mixed Platforms.Build.0 = Release|Any CPU
		{AE483C29-042E-4226-BA52-D247CE7676DA}.Windows8|x86.ActiveCfg = Release|Any CPU
		{B950DE10-AC5D-4BD9-B817-51247C4A732D}.Android|Any CPU.ActiveCfg = Release|Any CPU
		{B950DE10-AC5D-4BD9-B817-51247C4A732D}.Android|Any CPU.Build.0 = Release|Any CPU
		{B950DE10-AC5D-4BD9-B817-51247C4A732D}.Android|Mixed Platforms.ActiveCfg = Release|x86
		{B950DE10-AC5D-4BD9-B817-51247C4A732D}.Android|Mixed Platforms.Build.0 = Release|x86
		{B950DE10-AC5D-4BD9-B817-51247C4A732D}.Android|x86.ActiveCfg = Release|x86
		{B950DE10-AC5D-4BD9-B817-51247C4A732D}.Android|x86.Build.0 = Release|x86
		{B950DE10-AC5D-4BD9-B817-51247C4A732D}.Debug|Any CPU.ActiveCfg = Debug|Any CPU
		{B950DE10-AC5D-4BD9-B817-51247C4A732D}.Debug|Any CPU.Build.0 = Debug|Any CPU
		{B950DE10-AC5D-4BD9-B817-51247C4A732D}.Debug|Mixed Platforms.ActiveCfg = Debug|Any CPU
		{B950DE10-AC5D-4BD9-B817-51247C4A732D}.Debug|Mixed Platforms.Build.0 = Debug|Any CPU
		{B950DE10-AC5D-4BD9-B817-51247C4A732D}.Debug|x86.ActiveCfg = Debug|x86
		{B950DE10-AC5D-4BD9-B817-51247C4A732D}.Debug|x86.Build.0 = Debug|x86
		{B950DE10-AC5D-4BD9-B817-51247C4A732D}.iOS|Any CPU.ActiveCfg = Release|Any CPU
		{B950DE10-AC5D-4BD9-B817-51247C4A732D}.iOS|Any CPU.Build.0 = Release|Any CPU
		{B950DE10-AC5D-4BD9-B817-51247C4A732D}.iOS|Mixed Platforms.ActiveCfg = Release|x86
		{B950DE10-AC5D-4BD9-B817-51247C4A732D}.iOS|Mixed Platforms.Build.0 = Release|x86
		{B950DE10-AC5D-4BD9-B817-51247C4A732D}.iOS|x86.ActiveCfg = Release|x86
		{B950DE10-AC5D-4BD9-B817-51247C4A732D}.iOS|x86.Build.0 = Release|x86
		{B950DE10-AC5D-4BD9-B817-51247C4A732D}.Linux|Any CPU.ActiveCfg = Release|Any CPU
		{B950DE10-AC5D-4BD9-B817-51247C4A732D}.Linux|Any CPU.Build.0 = Release|Any CPU
		{B950DE10-AC5D-4BD9-B817-51247C4A732D}.Linux|Mixed Platforms.ActiveCfg = Release|x86
		{B950DE10-AC5D-4BD9-B817-51247C4A732D}.Linux|Mixed Platforms.Build.0 = Release|x86
		{B950DE10-AC5D-4BD9-B817-51247C4A732D}.Linux|x86.ActiveCfg = Release|x86
		{B950DE10-AC5D-4BD9-B817-51247C4A732D}.Linux|x86.Build.0 = Release|x86
		{B950DE10-AC5D-4BD9-B817-51247C4A732D}.Mac|Any CPU.ActiveCfg = Release|Any CPU
		{B950DE10-AC5D-4BD9-B817-51247C4A732D}.Mac|Any CPU.Build.0 = Release|Any CPU
		{B950DE10-AC5D-4BD9-B817-51247C4A732D}.Mac|Mixed Platforms.ActiveCfg = Release|x86
		{B950DE10-AC5D-4BD9-B817-51247C4A732D}.Mac|Mixed Platforms.Build.0 = Release|x86
		{B950DE10-AC5D-4BD9-B817-51247C4A732D}.Mac|x86.ActiveCfg = Release|x86
		{B950DE10-AC5D-4BD9-B817-51247C4A732D}.Mac|x86.Build.0 = Release|x86
		{B950DE10-AC5D-4BD9-B817-51247C4A732D}.Release|Any CPU.ActiveCfg = Release|Any CPU
		{B950DE10-AC5D-4BD9-B817-51247C4A732D}.Release|Any CPU.Build.0 = Release|Any CPU
		{B950DE10-AC5D-4BD9-B817-51247C4A732D}.Release|Mixed Platforms.ActiveCfg = Release|Any CPU
		{B950DE10-AC5D-4BD9-B817-51247C4A732D}.Release|Mixed Platforms.Build.0 = Release|Any CPU
		{B950DE10-AC5D-4BD9-B817-51247C4A732D}.Release|x86.ActiveCfg = Release|x86
		{B950DE10-AC5D-4BD9-B817-51247C4A732D}.Release|x86.Build.0 = Release|x86
		{B950DE10-AC5D-4BD9-B817-51247C4A732D}.Windows|Any CPU.ActiveCfg = Release|Any CPU
		{B950DE10-AC5D-4BD9-B817-51247C4A732D}.Windows|Any CPU.Build.0 = Release|Any CPU
		{B950DE10-AC5D-4BD9-B817-51247C4A732D}.Windows|Mixed Platforms.ActiveCfg = Release|x86
		{B950DE10-AC5D-4BD9-B817-51247C4A732D}.Windows|Mixed Platforms.Build.0 = Release|x86
		{B950DE10-AC5D-4BD9-B817-51247C4A732D}.Windows|x86.ActiveCfg = Release|x86
		{B950DE10-AC5D-4BD9-B817-51247C4A732D}.Windows|x86.Build.0 = Release|x86
		{B950DE10-AC5D-4BD9-B817-51247C4A732D}.Windows8|Any CPU.ActiveCfg = Release|Any CPU
		{B950DE10-AC5D-4BD9-B817-51247C4A732D}.Windows8|Any CPU.Build.0 = Release|Any CPU
		{B950DE10-AC5D-4BD9-B817-51247C4A732D}.Windows8|Mixed Platforms.ActiveCfg = Release|x86
		{B950DE10-AC5D-4BD9-B817-51247C4A732D}.Windows8|Mixed Platforms.Build.0 = Release|x86
		{B950DE10-AC5D-4BD9-B817-51247C4A732D}.Windows8|x86.ActiveCfg = Release|x86
		{B950DE10-AC5D-4BD9-B817-51247C4A732D}.Windows8|x86.Build.0 = Release|x86
	EndGlobalSection
	GlobalSection(SolutionProperties) = preSolution
		HideSolutionNode = FALSE
	EndGlobalSection
	GlobalSection(MonoDevelopProperties) = preSolution
		StartupItem = MonoGame.Framework\MonoGame.Framework.Windows.csproj
	EndGlobalSection
EndGlobal
